// !$*UTF8*$!
{
	archiveVersion = 1;
	classes = {
	};
	objectVersion = 46;
	objects = {

/* Begin PBXBuildFile section */
		1D3623260D0F684500981E51 /* ResearchrMainAppDelegate.m in Sources */ = {isa = PBXBuildFile; fileRef = 1D3623250D0F684500981E51 /* ResearchrMainAppDelegate.m */; };
		1D60589B0D05DD56006BFB54 /* main.m in Sources */ = {isa = PBXBuildFile; fileRef = 29B97316FDCFA39411CA2CEA /* main.m */; };
		1D60589F0D05DD5A006BFB54 /* Foundation.framework in Frameworks */ = {isa = PBXBuildFile; fileRef = 1D30AB110D05D00D00671497 /* Foundation.framework */; };
		1DF5F4E00D08C38300B7A737 /* UIKit.framework in Frameworks */ = {isa = PBXBuildFile; fileRef = 1DF5F4DF0D08C38300B7A737 /* UIKit.framework */; };
		2804200B108E984D000629CD /* RootViewController.m in Sources */ = {isa = PBXBuildFile; fileRef = 28042008108E984D000629CD /* RootViewController.m */; };
		2804200C108E984D000629CD /* DetailViewController.m in Sources */ = {isa = PBXBuildFile; fileRef = 2804200A108E984D000629CD /* DetailViewController.m */; };
		2804203C108E9BAB000629CD /* DetailView.xib in Resources */ = {isa = PBXBuildFile; fileRef = 2804203B108E9BAB000629CD /* DetailView.xib */; };
		2892E4100DC94CBA00A64D0F /* CoreGraphics.framework in Frameworks */ = {isa = PBXBuildFile; fileRef = 2892E40F0DC94CBA00A64D0F /* CoreGraphics.framework */; };
		28AD73600D9D9599002E5188 /* MainWindow.xib in Resources */ = {isa = PBXBuildFile; fileRef = 28AD735F0D9D9599002E5188 /* MainWindow.xib */; };
		39374A14124BA27400D31B0F /* ViewItem.m in Sources */ = {isa = PBXBuildFile; fileRef = 39374A13124BA27400D31B0F /* ViewItem.m */; };
		398CD581124A5BAE00C3156F /* HomeViewController.m in Sources */ = {isa = PBXBuildFile; fileRef = 398CD57F124A5BAE00C3156F /* HomeViewController.m */; };
		398CD582124A5BAE00C3156F /* HomeViewController.xib in Resources */ = {isa = PBXBuildFile; fileRef = 398CD580124A5BAE00C3156F /* HomeViewController.xib */; };
		399F38971265E9C000F58272 /* ResearchrProxy.m in Sources */ = {isa = PBXBuildFile; fileRef = 399F38961265E9C000F58272 /* ResearchrProxy.m */; };
		399F38C91265F2B200F58272 /* Publication.m in Sources */ = {isa = PBXBuildFile; fileRef = 399F38C81265F2B200F58272 /* Publication.m */; };
		399F39A012660BCD00F58272 /* BaseListViewController.m in Sources */ = {isa = PBXBuildFile; fileRef = 399F399E12660BCD00F58272 /* BaseListViewController.m */; };
		399F39A112660BCD00F58272 /* BaseListViewController.xib in Resources */ = {isa = PBXBuildFile; fileRef = 399F399F12660BCD00F58272 /* BaseListViewController.xib */; };
		399F39B112660F8B00F58272 /* PublicationSummaryView.m in Sources */ = {isa = PBXBuildFile; fileRef = 399F39AF12660F8B00F58272 /* PublicationSummaryView.m */; };
		399F39B212660F8B00F58272 /* PublicationSummaryView.xib in Resources */ = {isa = PBXBuildFile; fileRef = 399F39B012660F8B00F58272 /* PublicationSummaryView.xib */; };
		399F3A131266163B00F58272 /* BaseSummaryViewController.m in Sources */ = {isa = PBXBuildFile; fileRef = 399F3A111266163B00F58272 /* BaseSummaryViewController.m */; };
		399F3A141266163B00F58272 /* BaseSummaryViewController.xib in Resources */ = {isa = PBXBuildFile; fileRef = 399F3A121266163B00F58272 /* BaseSummaryViewController.xib */; };
		399F3A241266170C00F58272 /* BaseEntity.m in Sources */ = {isa = PBXBuildFile; fileRef = 399F3A231266170C00F58272 /* BaseEntity.m */; };
		39BFD10312536BB7009EB483 /* SignInViewController.m in Sources */ = {isa = PBXBuildFile; fileRef = 39BFD10112536BB7009EB483 /* SignInViewController.m */; };
		39BFD10412536BB7009EB483 /* SignInViewController.xib in Resources */ = {isa = PBXBuildFile; fileRef = 39BFD10212536BB7009EB483 /* SignInViewController.xib */; };
		39D9D456125E0F0F00088D03 /* NSObject+SBJSON.m in Sources */ = {isa = PBXBuildFile; fileRef = 39D9D44D125E0F0F00088D03 /* NSObject+SBJSON.m */; };
		39D9D457125E0F0F00088D03 /* NSString+SBJSON.m in Sources */ = {isa = PBXBuildFile; fileRef = 39D9D44F125E0F0F00088D03 /* NSString+SBJSON.m */; };
		39D9D458125E0F0F00088D03 /* SBJsonBase.m in Sources */ = {isa = PBXBuildFile; fileRef = 39D9D451125E0F0F00088D03 /* SBJsonBase.m */; };
		39D9D459125E0F0F00088D03 /* SBJsonParser.m in Sources */ = {isa = PBXBuildFile; fileRef = 39D9D453125E0F0F00088D03 /* SBJsonParser.m */; };
		39D9D45A125E0F0F00088D03 /* SBJsonWriter.m in Sources */ = {isa = PBXBuildFile; fileRef = 39D9D455125E0F0F00088D03 /* SBJsonWriter.m */; };
/* End PBXBuildFile section */

/* Begin PBXFileReference section */
		1D30AB110D05D00D00671497 /* Foundation.framework */ = {isa = PBXFileReference; lastKnownFileType = wrapper.framework; name = Foundation.framework; path = System/Library/Frameworks/Foundation.framework; sourceTree = SDKROOT; };
		1D3623240D0F684500981E51 /* ResearchrMainAppDelegate.h */ = {isa = PBXFileReference; fileEncoding = 4; lastKnownFileType = sourcecode.c.h; path = ResearchrMainAppDelegate.h; sourceTree = "<group>"; };
		1D3623250D0F684500981E51 /* ResearchrMainAppDelegate.m */ = {isa = PBXFileReference; fileEncoding = 4; lastKnownFileType = sourcecode.c.objc; path = ResearchrMainAppDelegate.m; sourceTree = "<group>"; };
		1D6058910D05DD3D006BFB54 /* ResearchrMain.app */ = {isa = PBXFileReference; explicitFileType = wrapper.application; includeInIndex = 0; path = ResearchrMain.app; sourceTree = BUILT_PRODUCTS_DIR; };
		1DF5F4DF0D08C38300B7A737 /* UIKit.framework */ = {isa = PBXFileReference; lastKnownFileType = wrapper.framework; name = UIKit.framework; path = System/Library/Frameworks/UIKit.framework; sourceTree = SDKROOT; };
		28042007108E984D000629CD /* RootViewController.h */ = {isa = PBXFileReference; fileEncoding = 4; lastKnownFileType = sourcecode.c.h; path = RootViewController.h; sourceTree = "<group>"; };
		28042008108E984D000629CD /* RootViewController.m */ = {isa = PBXFileReference; fileEncoding = 4; lastKnownFileType = sourcecode.c.objc; path = RootViewController.m; sourceTree = "<group>"; };
		28042009108E984D000629CD /* DetailViewController.h */ = {isa = PBXFileReference; fileEncoding = 4; lastKnownFileType = sourcecode.c.h; path = DetailViewController.h; sourceTree = "<group>"; };
		2804200A108E984D000629CD /* DetailViewController.m */ = {isa = PBXFileReference; fileEncoding = 4; lastKnownFileType = sourcecode.c.objc; path = DetailViewController.m; sourceTree = "<group>"; };
		2804203B108E9BAB000629CD /* DetailView.xib */ = {isa = PBXFileReference; lastKnownFileType = file.xib; path = DetailView.xib; sourceTree = "<group>"; };
		2892E40F0DC94CBA00A64D0F /* CoreGraphics.framework */ = {isa = PBXFileReference; lastKnownFileType = wrapper.framework; name = CoreGraphics.framework; path = System/Library/Frameworks/CoreGraphics.framework; sourceTree = SDKROOT; };
		28A0AAE50D9B0CCF005BE974 /* ResearchrMain_Prefix.pch */ = {isa = PBXFileReference; fileEncoding = 4; lastKnownFileType = sourcecode.c.h; path = ResearchrMain_Prefix.pch; sourceTree = "<group>"; };
		28AD735F0D9D9599002E5188 /* MainWindow.xib */ = {isa = PBXFileReference; lastKnownFileType = file.xib; path = MainWindow.xib; sourceTree = "<group>"; };
		29B97316FDCFA39411CA2CEA /* main.m */ = {isa = PBXFileReference; fileEncoding = 4; lastKnownFileType = sourcecode.c.objc; path = main.m; sourceTree = "<group>"; };
		39374A12124BA27400D31B0F /* ViewItem.h */ = {isa = PBXFileReference; fileEncoding = 4; lastKnownFileType = sourcecode.c.h; path = ViewItem.h; sourceTree = "<group>"; };
		39374A13124BA27400D31B0F /* ViewItem.m */ = {isa = PBXFileReference; fileEncoding = 4; lastKnownFileType = sourcecode.c.objc; path = ViewItem.m; sourceTree = "<group>"; };
		398CD57E124A5BAE00C3156F /* HomeViewController.h */ = {isa = PBXFileReference; fileEncoding = 4; lastKnownFileType = sourcecode.c.h; name = HomeViewController.h; path = ../HomeViewController.h; sourceTree = "<group>"; };
		398CD57F124A5BAE00C3156F /* HomeViewController.m */ = {isa = PBXFileReference; fileEncoding = 4; lastKnownFileType = sourcecode.c.objc; name = HomeViewController.m; path = ../HomeViewController.m; sourceTree = "<group>"; };
		398CD580124A5BAE00C3156F /* HomeViewController.xib */ = {isa = PBXFileReference; lastKnownFileType = file.xib; name = HomeViewController.xib; path = ../HomeViewController.xib; sourceTree = "<group>"; };
		399F38951265E9C000F58272 /* ResearchrProxy.h */ = {isa = PBXFileReference; fileEncoding = 4; lastKnownFileType = sourcecode.c.h; path = ResearchrProxy.h; sourceTree = "<group>"; };
		399F38961265E9C000F58272 /* ResearchrProxy.m */ = {isa = PBXFileReference; fileEncoding = 4; lastKnownFileType = sourcecode.c.objc; path = ResearchrProxy.m; sourceTree = "<group>"; };
		399F38C71265F2B200F58272 /* Publication.h */ = {isa = PBXFileReference; fileEncoding = 4; lastKnownFileType = sourcecode.c.h; path = Publication.h; sourceTree = "<group>"; };
		399F38C81265F2B200F58272 /* Publication.m */ = {isa = PBXFileReference; fileEncoding = 4; lastKnownFileType = sourcecode.c.objc; path = Publication.m; sourceTree = "<group>"; };
		399F399D12660BCD00F58272 /* BaseListViewController.h */ = {isa = PBXFileReference; fileEncoding = 4; lastKnownFileType = sourcecode.c.h; path = BaseListViewController.h; sourceTree = "<group>"; };
		399F399E12660BCD00F58272 /* BaseListViewController.m */ = {isa = PBXFileReference; fileEncoding = 4; lastKnownFileType = sourcecode.c.objc; path = BaseListViewController.m; sourceTree = "<group>"; };
		399F399F12660BCD00F58272 /* BaseListViewController.xib */ = {isa = PBXFileReference; lastKnownFileType = file.xib; path = BaseListViewController.xib; sourceTree = "<group>"; };
		399F39AE12660F8B00F58272 /* PublicationSummaryView.h */ = {isa = PBXFileReference; fileEncoding = 4; lastKnownFileType = sourcecode.c.h; path = PublicationSummaryView.h; sourceTree = "<group>"; };
		399F39AF12660F8B00F58272 /* PublicationSummaryView.m */ = {isa = PBXFileReference; fileEncoding = 4; lastKnownFileType = sourcecode.c.objc; path = PublicationSummaryView.m; sourceTree = "<group>"; };
		399F39B012660F8B00F58272 /* PublicationSummaryView.xib */ = {isa = PBXFileReference; lastKnownFileType = file.xib; path = PublicationSummaryView.xib; sourceTree = "<group>"; };
		399F3A101266163A00F58272 /* BaseSummaryViewController.h */ = {isa = PBXFileReference; fileEncoding = 4; lastKnownFileType = sourcecode.c.h; path = BaseSummaryViewController.h; sourceTree = "<group>"; };
		399F3A111266163B00F58272 /* BaseSummaryViewController.m */ = {isa = PBXFileReference; fileEncoding = 4; lastKnownFileType = sourcecode.c.objc; path = BaseSummaryViewController.m; sourceTree = "<group>"; };
		399F3A121266163B00F58272 /* BaseSummaryViewController.xib */ = {isa = PBXFileReference; lastKnownFileType = file.xib; path = BaseSummaryViewController.xib; sourceTree = "<group>"; };
		399F3A221266170C00F58272 /* BaseEntity.h */ = {isa = PBXFileReference; fileEncoding = 4; lastKnownFileType = sourcecode.c.h; path = BaseEntity.h; sourceTree = "<group>"; };
		399F3A231266170C00F58272 /* BaseEntity.m */ = {isa = PBXFileReference; fileEncoding = 4; lastKnownFileType = sourcecode.c.objc; path = BaseEntity.m; sourceTree = "<group>"; };
		39BFD10012536BB7009EB483 /* SignInViewController.h */ = {isa = PBXFileReference; fileEncoding = 4; lastKnownFileType = sourcecode.c.h; path = SignInViewController.h; sourceTree = "<group>"; };
		39BFD10112536BB7009EB483 /* SignInViewController.m */ = {isa = PBXFileReference; fileEncoding = 4; lastKnownFileType = sourcecode.c.objc; path = SignInViewController.m; sourceTree = "<group>"; };
		39BFD10212536BB7009EB483 /* SignInViewController.xib */ = {isa = PBXFileReference; lastKnownFileType = file.xib; path = SignInViewController.xib; sourceTree = "<group>"; };
		39D9D44B125E0F0F00088D03 /* JSON.h */ = {isa = PBXFileReference; fileEncoding = 4; lastKnownFileType = sourcecode.c.h; path = JSON.h; sourceTree = "<group>"; };
		39D9D44C125E0F0F00088D03 /* NSObject+SBJSON.h */ = {isa = PBXFileReference; fileEncoding = 4; lastKnownFileType = sourcecode.c.h; path = "NSObject+SBJSON.h"; sourceTree = "<group>"; };
		39D9D44D125E0F0F00088D03 /* NSObject+SBJSON.m */ = {isa = PBXFileReference; fileEncoding = 4; lastKnownFileType = sourcecode.c.objc; path = "NSObject+SBJSON.m"; sourceTree = "<group>"; };
		39D9D44E125E0F0F00088D03 /* NSString+SBJSON.h */ = {isa = PBXFileReference; fileEncoding = 4; lastKnownFileType = sourcecode.c.h; path = "NSString+SBJSON.h"; sourceTree = "<group>"; };
		39D9D44F125E0F0F00088D03 /* NSString+SBJSON.m */ = {isa = PBXFileReference; fileEncoding = 4; lastKnownFileType = sourcecode.c.objc; path = "NSString+SBJSON.m"; sourceTree = "<group>"; };
		39D9D450125E0F0F00088D03 /* SBJsonBase.h */ = {isa = PBXFileReference; fileEncoding = 4; lastKnownFileType = sourcecode.c.h; path = SBJsonBase.h; sourceTree = "<group>"; };
		39D9D451125E0F0F00088D03 /* SBJsonBase.m */ = {isa = PBXFileReference; fileEncoding = 4; lastKnownFileType = sourcecode.c.objc; path = SBJsonBase.m; sourceTree = "<group>"; };
		39D9D452125E0F0F00088D03 /* SBJsonParser.h */ = {isa = PBXFileReference; fileEncoding = 4; lastKnownFileType = sourcecode.c.h; path = SBJsonParser.h; sourceTree = "<group>"; };
		39D9D453125E0F0F00088D03 /* SBJsonParser.m */ = {isa = PBXFileReference; fileEncoding = 4; lastKnownFileType = sourcecode.c.objc; path = SBJsonParser.m; sourceTree = "<group>"; };
		39D9D454125E0F0F00088D03 /* SBJsonWriter.h */ = {isa = PBXFileReference; fileEncoding = 4; lastKnownFileType = sourcecode.c.h; path = SBJsonWriter.h; sourceTree = "<group>"; };
		39D9D455125E0F0F00088D03 /* SBJsonWriter.m */ = {isa = PBXFileReference; fileEncoding = 4; lastKnownFileType = sourcecode.c.objc; path = SBJsonWriter.m; sourceTree = "<group>"; };
		8D1107310486CEB800E47090 /* ResearchrMain-Info.plist */ = {isa = PBXFileReference; fileEncoding = 4; lastKnownFileType = text.plist.xml; path = "ResearchrMain-Info.plist"; plistStructureDefinitionIdentifier = "com.apple.xcode.plist.structure-definition.iphone.info-plist"; sourceTree = "<group>"; };
/* End PBXFileReference section */

/* Begin PBXFrameworksBuildPhase section */
		1D60588F0D05DD3D006BFB54 /* Frameworks */ = {
			isa = PBXFrameworksBuildPhase;
			buildActionMask = 2147483647;
			files = (
				1D60589F0D05DD5A006BFB54 /* Foundation.framework in Frameworks */,
				1DF5F4E00D08C38300B7A737 /* UIKit.framework in Frameworks */,
				2892E4100DC94CBA00A64D0F /* CoreGraphics.framework in Frameworks */,
			);
			runOnlyForDeploymentPostprocessing = 0;
		};
/* End PBXFrameworksBuildPhase section */

/* Begin PBXGroup section */
		080E96DDFE201D6D7F000001 /* Classes */ = {
			isa = PBXGroup;
			children = (
				399F38C61265F2A200F58272 /* Entities */,
				398CD580124A5BAE00C3156F /* HomeViewController.xib */,
				398CD57F124A5BAE00C3156F /* HomeViewController.m */,
				398CD57E124A5BAE00C3156F /* HomeViewController.h */,
				1D3623240D0F684500981E51 /* ResearchrMainAppDelegate.h */,
				1D3623250D0F684500981E51 /* ResearchrMainAppDelegate.m */,
				28042007108E984D000629CD /* RootViewController.h */,
				28042008108E984D000629CD /* RootViewController.m */,
				28042009108E984D000629CD /* DetailViewController.h */,
				2804200A108E984D000629CD /* DetailViewController.m */,
				39374A12124BA27400D31B0F /* ViewItem.h */,
				39374A13124BA27400D31B0F /* ViewItem.m */,
				39BFD10012536BB7009EB483 /* SignInViewController.h */,
				39BFD10112536BB7009EB483 /* SignInViewController.m */,
				39BFD10212536BB7009EB483 /* SignInViewController.xib */,
				399F38951265E9C000F58272 /* ResearchrProxy.h */,
				399F38961265E9C000F58272 /* ResearchrProxy.m */,
				399F399D12660BCD00F58272 /* BaseListViewController.h */,
				399F399E12660BCD00F58272 /* BaseListViewController.m */,
				399F399F12660BCD00F58272 /* BaseListViewController.xib */,
				399F3A101266163A00F58272 /* BaseSummaryViewController.h */,
				399F3A111266163B00F58272 /* BaseSummaryViewController.m */,
				399F3A121266163B00F58272 /* BaseSummaryViewController.xib */,
			);
			path = Classes;
			sourceTree = "<group>";
		};
		19C28FACFE9D520D11CA2CBB /* Products */ = {
			isa = PBXGroup;
			children = (
				1D6058910D05DD3D006BFB54 /* ResearchrMain.app */,
			);
			name = Products;
			sourceTree = "<group>";
		};
		29B97314FDCFA39411CA2CEA /* CustomTemplate */ = {
			isa = PBXGroup;
			children = (
				39D9D449125E0EFD00088D03 /* JSON */,
				080E96DDFE201D6D7F000001 /* Classes */,
				29B97315FDCFA39411CA2CEA /* Other Sources */,
				29B97317FDCFA39411CA2CEA /* Resources */,
				29B97323FDCFA39411CA2CEA /* Frameworks */,
				19C28FACFE9D520D11CA2CBB /* Products */,
			);
			name = CustomTemplate;
			sourceTree = "<group>";
		};
		29B97315FDCFA39411CA2CEA /* Other Sources */ = {
			isa = PBXGroup;
			children = (
				28A0AAE50D9B0CCF005BE974 /* ResearchrMain_Prefix.pch */,
				29B97316FDCFA39411CA2CEA /* main.m */,
			);
			name = "Other Sources";
			sourceTree = "<group>";
		};
		29B97317FDCFA39411CA2CEA /* Resources */ = {
			isa = PBXGroup;
			children = (
				28AD735F0D9D9599002E5188 /* MainWindow.xib */,
				2804203B108E9BAB000629CD /* DetailView.xib */,
				8D1107310486CEB800E47090 /* ResearchrMain-Info.plist */,
			);
			name = Resources;
			sourceTree = "<group>";
		};
		29B97323FDCFA39411CA2CEA /* Frameworks */ = {
			isa = PBXGroup;
			children = (
				1DF5F4DF0D08C38300B7A737 /* UIKit.framework */,
				1D30AB110D05D00D00671497 /* Foundation.framework */,
				2892E40F0DC94CBA00A64D0F /* CoreGraphics.framework */,
			);
			name = Frameworks;
			sourceTree = "<group>";
		};
		399F38C61265F2A200F58272 /* Entities */ = {
			isa = PBXGroup;
			children = (
				399F39AD12660F6000F58272 /* Presentation */,
				399F38C71265F2B200F58272 /* Publication.h */,
				399F38C81265F2B200F58272 /* Publication.m */,
				399F3A221266170C00F58272 /* BaseEntity.h */,
				399F3A231266170C00F58272 /* BaseEntity.m */,
			);
			name = Entities;
			sourceTree = "<group>";
		};
		399F39AD12660F6000F58272 /* Presentation */ = {
			isa = PBXGroup;
			children = (
				399F39AE12660F8B00F58272 /* PublicationSummaryView.h */,
				399F39AF12660F8B00F58272 /* PublicationSummaryView.m */,
				399F39B012660F8B00F58272 /* PublicationSummaryView.xib */,
			);
			name = Presentation;
			sourceTree = "<group>";
		};
		39D9D449125E0EFD00088D03 /* JSON */ = {
			isa = PBXGroup;
			children = (
				39D9D44B125E0F0F00088D03 /* JSON.h */,
				39D9D44C125E0F0F00088D03 /* NSObject+SBJSON.h */,
				39D9D44D125E0F0F00088D03 /* NSObject+SBJSON.m */,
				39D9D44E125E0F0F00088D03 /* NSString+SBJSON.h */,
				39D9D44F125E0F0F00088D03 /* NSString+SBJSON.m */,
				39D9D450125E0F0F00088D03 /* SBJsonBase.h */,
				39D9D451125E0F0F00088D03 /* SBJsonBase.m */,
				39D9D452125E0F0F00088D03 /* SBJsonParser.h */,
				39D9D453125E0F0F00088D03 /* SBJsonParser.m */,
				39D9D454125E0F0F00088D03 /* SBJsonWriter.h */,
				39D9D455125E0F0F00088D03 /* SBJsonWriter.m */,
			);
			name = JSON;
			sourceTree = "<group>";
		};
/* End PBXGroup section */

/* Begin PBXNativeTarget section */
		1D6058900D05DD3D006BFB54 /* ResearchrMain */ = {
			isa = PBXNativeTarget;
			buildConfigurationList = 1D6058960D05DD3E006BFB54 /* Build configuration list for PBXNativeTarget "ResearchrMain" */;
			buildPhases = (
				1D60588D0D05DD3D006BFB54 /* Resources */,
				1D60588E0D05DD3D006BFB54 /* Sources */,
				1D60588F0D05DD3D006BFB54 /* Frameworks */,
			);
			buildRules = (
			);
			dependencies = (
			);
			name = ResearchrMain;
			productName = ResearchrMain;
			productReference = 1D6058910D05DD3D006BFB54 /* ResearchrMain.app */;
			productType = "com.apple.product-type.application";
		};
/* End PBXNativeTarget section */

/* Begin PBXProject section */
		29B97313FDCFA39411CA2CEA /* Project object */ = {
			isa = PBXProject;
			buildConfigurationList = C01FCF4E08A954540054247B /* Build configuration list for PBXProject "ResearchrMain" */;
			compatibilityVersion = "Xcode 3.2";
			developmentRegion = English;
			hasScannedForEncodings = 1;
			knownRegions = (
				English,
				Japanese,
				French,
				German,
				en,
			);
			mainGroup = 29B97314FDCFA39411CA2CEA /* CustomTemplate */;
			projectDirPath = "";
			projectRoot = "";
			targets = (
				1D6058900D05DD3D006BFB54 /* ResearchrMain */,
			);
		};
/* End PBXProject section */

/* Begin PBXResourcesBuildPhase section */
		1D60588D0D05DD3D006BFB54 /* Resources */ = {
			isa = PBXResourcesBuildPhase;
			buildActionMask = 2147483647;
			files = (
				28AD73600D9D9599002E5188 /* MainWindow.xib in Resources */,
				2804203C108E9BAB000629CD /* DetailView.xib in Resources */,
				398CD582124A5BAE00C3156F /* HomeViewController.xib in Resources */,
				39BFD10412536BB7009EB483 /* SignInViewController.xib in Resources */,
				399F39A112660BCD00F58272 /* BaseListViewController.xib in Resources */,
				399F39B212660F8B00F58272 /* PublicationSummaryView.xib in Resources */,
				399F3A141266163B00F58272 /* BaseSummaryViewController.xib in Resources */,
			);
			runOnlyForDeploymentPostprocessing = 0;
		};
/* End PBXResourcesBuildPhase section */

/* Begin PBXSourcesBuildPhase section */
		1D60588E0D05DD3D006BFB54 /* Sources */ = {
			isa = PBXSourcesBuildPhase;
			buildActionMask = 2147483647;
			files = (
				1D60589B0D05DD56006BFB54 /* main.m in Sources */,
				1D3623260D0F684500981E51 /* ResearchrMainAppDelegate.m in Sources */,
				2804200B108E984D000629CD /* RootViewController.m in Sources */,
				2804200C108E984D000629CD /* DetailViewController.m in Sources */,
				398CD581124A5BAE00C3156F /* HomeViewController.m in Sources */,
				39374A14124BA27400D31B0F /* ViewItem.m in Sources */,
				39BFD10312536BB7009EB483 /* SignInViewController.m in Sources */,
				39D9D456125E0F0F00088D03 /* NSObject+SBJSON.m in Sources */,
				39D9D457125E0F0F00088D03 /* NSString+SBJSON.m in Sources */,
				39D9D458125E0F0F00088D03 /* SBJsonBase.m in Sources */,
				39D9D459125E0F0F00088D03 /* SBJsonParser.m in Sources */,
				39D9D45A125E0F0F00088D03 /* SBJsonWriter.m in Sources */,
				399F38971265E9C000F58272 /* ResearchrProxy.m in Sources */,
				399F38C91265F2B200F58272 /* Publication.m in Sources */,
				399F39A012660BCD00F58272 /* BaseListViewController.m in Sources */,
				399F39B112660F8B00F58272 /* PublicationSummaryView.m in Sources */,
				399F3A131266163B00F58272 /* BaseSummaryViewController.m in Sources */,
				399F3A241266170C00F58272 /* BaseEntity.m in Sources */,
			);
			runOnlyForDeploymentPostprocessing = 0;
		};
/* End PBXSourcesBuildPhase section */

/* Begin XCBuildConfiguration section */
		1D6058940D05DD3E006BFB54 /* Debug */ = {
			isa = XCBuildConfiguration;
			buildSettings = {
				ALWAYS_SEARCH_USER_PATHS = NO;
				COPY_PHASE_STRIP = NO;
				GCC_DYNAMIC_NO_PIC = NO;
				GCC_OPTIMIZATION_LEVEL = 0;
				GCC_PRECOMPILE_PREFIX_HEADER = YES;
				GCC_PREFIX_HEADER = ResearchrMain_Prefix.pch;
				INFOPLIST_FILE = "ResearchrMain-Info.plist";
				PRODUCT_NAME = ResearchrMain;
			};
			name = Debug;
		};
		1D6058950D05DD3E006BFB54 /* Release */ = {
			isa = XCBuildConfiguration;
			buildSettings = {
				ALWAYS_SEARCH_USER_PATHS = NO;
				COPY_PHASE_STRIP = YES;
				GCC_PRECOMPILE_PREFIX_HEADER = YES;
				GCC_PREFIX_HEADER = ResearchrMain_Prefix.pch;
				INFOPLIST_FILE = "ResearchrMain-Info.plist";
				PRODUCT_NAME = ResearchrMain;
				VALIDATE_PRODUCT = YES;
			};
			name = Release;
		};
		C01FCF4F08A954540054247B /* Debug */ = {
			isa = XCBuildConfiguration;
			buildSettings = {
				ARCHS = "$(ARCHS_UNIVERSAL_IPHONE_OS)";
				"CODE_SIGN_IDENTITY[sdk=iphoneos*]" = "iPhone Developer";
				GCC_C_LANGUAGE_STANDARD = c99;
				GCC_WARN_ABOUT_RETURN_TYPE = YES;
				GCC_WARN_UNUSED_VARIABLE = YES;
				PREBINDING = NO;
				SDKROOT = iphoneos3.2;
				TARGETED_DEVICE_FAMILY = 2;
			};
			name = Debug;
		};
		C01FCF5008A954540054247B /* Release */ = {
			isa = XCBuildConfiguration;
			buildSettings = {
				ARCHS = "$(ARCHS_UNIVERSAL_IPHONE_OS)";
				"CODE_SIGN_IDENTITY[sdk=iphoneos*]" = "iPhone Developer";
				GCC_C_LANGUAGE_STANDARD = c99;
				GCC_WARN_ABOUT_RETURN_TYPE = YES;
				GCC_WARN_UNUSED_VARIABLE = YES;
				OTHER_CFLAGS = "-DNS_BLOCK_ASSERTIONS=1";
				PREBINDING = NO;
				SDKROOT = iphoneos3.2;
				TARGETED_DEVICE_FAMILY = 2;
			};
			name = Release;
		};
/* End XCBuildConfiguration section */

/* Begin XCConfigurationList section */
		1D6058960D05DD3E006BFB54 /* Build configuration list for PBXNativeTarget "ResearchrMain" */ = {
			isa = XCConfigurationList;
			buildConfigurations = (
				1D6058940D05DD3E006BFB54 /* Debug */,
				1D6058950D05DD3E006BFB54 /* Release */,
			);
			defaultConfigurationIsVisible = 0;
			defaultConfigurationName = Release;
		};
		C01FCF4E08A954540054247B /* Build configuration list for PBXProject "ResearchrMain" */ = {
			isa = XCConfigurationList;
			buildConfigurations = (
				C01FCF4F08A954540054247B /* Debug */,
				C01FCF5008A954540054247B /* Release */,
			);
			defaultConfigurationIsVisible = 0;
			defaultConfigurationName = Release;
		};
/* End XCConfigurationList section */
	};
	rootObject = 29B97313FDCFA39411CA2CEA /* Project object */;
}
